// !$*UTF8*$!
{
	archiveVersion = 1;
	classes = {
	};
	objectVersion = 46;
	objects = {

/* Begin PBXBuildFile section */
		542FDFC6BE0BBBB68FF1AC09 /* libPods.a in Frameworks */ = {isa = PBXBuildFile; fileRef = 529EF53AA4EB2A9B9BEC1543 /* libPods.a */; };
		7A12A1C81C3A5FA2001ABF5E /* btn_cover.png in Resources */ = {isa = PBXBuildFile; fileRef = 7A12A18C1C3A5FA2001ABF5E /* btn_cover.png */; };
		7A12A1C91C3A5FA2001ABF5E /* btn_downarrow.png in Resources */ = {isa = PBXBuildFile; fileRef = 7A12A18D1C3A5FA2001ABF5E /* btn_downarrow.png */; };
		7A12A1CA1C3A5FA2001ABF5E /* btn_exchange.png in Resources */ = {isa = PBXBuildFile; fileRef = 7A12A18E1C3A5FA2001ABF5E /* btn_exchange.png */; };
		7A12A1CB1C3A5FA2001ABF5E /* btn_nearby.png in Resources */ = {isa = PBXBuildFile; fileRef = 7A12A18F1C3A5FA2001ABF5E /* btn_nearby.png */; };
		7A12A1CC1C3A5FA2001ABF5E /* btn_refresh.png in Resources */ = {isa = PBXBuildFile; fileRef = 7A12A1901C3A5FA2001ABF5E /* btn_refresh.png */; };
		7A12A1CD1C3A5FA2001ABF5E /* btn_screening.png in Resources */ = {isa = PBXBuildFile; fileRef = 7A12A1911C3A5FA2001ABF5E /* btn_screening.png */; };
		7A12A1CE1C3A5FA2001ABF5E /* btn_search.png in Resources */ = {isa = PBXBuildFile; fileRef = 7A12A1921C3A5FA2001ABF5E /* btn_search.png */; };
		7A12A1CF1C3A5FA2001ABF5E /* btn_shezhi.png in Resources */ = {isa = PBXBuildFile; fileRef = 7A12A1931C3A5FA2001ABF5E /* btn_shezhi.png */; };
		7A12A1D01C3A5FA2001ABF5E /* btn_timetree.png in Resources */ = {isa = PBXBuildFile; fileRef = 7A12A1941C3A5FA2001ABF5E /* btn_timetree.png */; };
		7A12A1D11C3A5FA2001ABF5E /* btn_uparrow.png in Resources */ = {isa = PBXBuildFile; fileRef = 7A12A1951C3A5FA2001ABF5E /* btn_uparrow.png */; };
		7A12A1D21C3A5FA2001ABF5E /* default_gouwu.png in Resources */ = {isa = PBXBuildFile; fileRef = 7A12A1961C3A5FA2001ABF5E /* default_gouwu.png */; };
		7A12A1D31C3A5FA2001ABF5E /* default_yuer.png in Resources */ = {isa = PBXBuildFile; fileRef = 7A12A1971C3A5FA2001ABF5E /* default_yuer.png */; };
		7A12A1D41C3A5FA2001ABF5E /* ft_found_normal_ic.png in Resources */ = {isa = PBXBuildFile; fileRef = 7A12A1981C3A5FA2001ABF5E /* ft_found_normal_ic.png */; };
		7A12A1D51C3A5FA2001ABF5E /* ft_found_selected_ic.png in Resources */ = {isa = PBXBuildFile; fileRef = 7A12A1991C3A5FA2001ABF5E /* ft_found_selected_ic.png */; };
		7A12A1D61C3A5FA2001ABF5E /* ft_home_normal_ic.png in Resources */ = {isa = PBXBuildFile; fileRef = 7A12A19A1C3A5FA2001ABF5E /* ft_home_normal_ic.png */; };
		7A12A1D71C3A5FA2001ABF5E /* ft_home_selected_ic.png in Resources */ = {isa = PBXBuildFile; fileRef = 7A12A19B1C3A5FA2001ABF5E /* ft_home_selected_ic.png */; };
		7A12A1D81C3A5FA2001ABF5E /* ft_person_normal_ic.png in Resources */ = {isa = PBXBuildFile; fileRef = 7A12A19C1C3A5FA2001ABF5E /* ft_person_normal_ic.png */; };
		7A12A1D91C3A5FA2001ABF5E /* ft_person_selected_ic.png in Resources */ = {isa = PBXBuildFile; fileRef = 7A12A19D1C3A5FA2001ABF5E /* ft_person_selected_ic.png */; };
		7A12A1DA1C3A5FA2001ABF5E /* home_huodong.png in Resources */ = {isa = PBXBuildFile; fileRef = 7A12A19E1C3A5FA2001ABF5E /* home_huodong.png */; };
		7A12A1DB1C3A5FA2001ABF5E /* home_icon_jingdin.png in Resources */ = {isa = PBXBuildFile; fileRef = 7A12A19F1C3A5FA2001ABF5E /* home_icon_jingdin.png */; };
		7A12A1DC1C3A5FA2001ABF5E /* home_icon_qinzi.png in Resources */ = {isa = PBXBuildFile; fileRef = 7A12A1A01C3A5FA2001ABF5E /* home_icon_qinzi.png */; };
		7A12A1DD1C3A5FA2001ABF5E /* home_icon_yanchu.png in Resources */ = {isa = PBXBuildFile; fileRef = 7A12A1A11C3A5FA2001ABF5E /* home_icon_yanchu.png */; };
		7A12A1DE1C3A5FA2001ABF5E /* home_icon_yizhi.png in Resources */ = {isa = PBXBuildFile; fileRef = 7A12A1A21C3A5FA2001ABF5E /* home_icon_yizhi.png */; };
		7A12A1DF1C3A5FA2001ABF5E /* home_recommd_rc.png in Resources */ = {isa = PBXBuildFile; fileRef = 7A12A1A31C3A5FA2001ABF5E /* home_recommd_rc.png */; };
		7A12A1E01C3A5FA2001ABF5E /* home_recommed_ac.png in Resources */ = {isa = PBXBuildFile; fileRef = 7A12A1A41C3A5FA2001ABF5E /* home_recommed_ac.png */; };
		7A12A1E11C3A5FA2001ABF5E /* home_zhuanti.png in Resources */ = {isa = PBXBuildFile; fileRef = 7A12A1A51C3A5FA2001ABF5E /* home_zhuanti.png */; };
		7A12A1E21C3A5FA2001ABF5E /* ic_com_sina_weibo_sdk_button_blue_focused.9.png in Resources */ = {isa = PBXBuildFile; fileRef = 7A12A1A61C3A5FA2001ABF5E /* ic_com_sina_weibo_sdk_button_blue_focused.9.png */; };
		7A12A1E31C3A5FA2001ABF5E /* ic_com_sina_weibo_sdk_button_blue_normal.9.png in Resources */ = {isa = PBXBuildFile; fileRef = 7A12A1A71C3A5FA2001ABF5E /* ic_com_sina_weibo_sdk_button_blue_normal.9.png */; };
		7A12A1E41C3A5FA2001ABF5E /* ic_com_sina_weibo_sdk_button_blue_pressed.9.png in Resources */ = {isa = PBXBuildFile; fileRef = 7A12A1A81C3A5FA2001ABF5E /* ic_com_sina_weibo_sdk_button_blue_pressed.9.png */; };
		7A12A1E51C3A5FA2001ABF5E /* ic_com_sina_weibo_sdk_button_grey_focused.9.png in Resources */ = {isa = PBXBuildFile; fileRef = 7A12A1A91C3A5FA2001ABF5E /* ic_com_sina_weibo_sdk_button_grey_focused.9.png */; };
		7A12A1E61C3A5FA2001ABF5E /* ic_com_sina_weibo_sdk_button_grey_normal.9.png in Resources */ = {isa = PBXBuildFile; fileRef = 7A12A1AA1C3A5FA2001ABF5E /* ic_com_sina_weibo_sdk_button_grey_normal.9.png */; };
		7A12A1E71C3A5FA2001ABF5E /* ic_com_sina_weibo_sdk_button_grey_pressed.9.png in Resources */ = {isa = PBXBuildFile; fileRef = 7A12A1AB1C3A5FA2001ABF5E /* ic_com_sina_weibo_sdk_button_grey_pressed.9.png */; };
		7A12A1E81C3A5FA2001ABF5E /* ic_com_sina_weibo_sdk_login_button_with_frame_logo_focused.png in Resources */ = {isa = PBXBuildFile; fileRef = 7A12A1AC1C3A5FA2001ABF5E /* ic_com_sina_weibo_sdk_login_button_with_frame_logo_focused.png */; };
		7A12A1E91C3A5FA2001ABF5E /* ic_com_sina_weibo_sdk_login_button_with_frame_logo_normal.png in Resources */ = {isa = PBXBuildFile; fileRef = 7A12A1AD1C3A5FA2001ABF5E /* ic_com_sina_weibo_sdk_login_button_with_frame_logo_normal.png */; };
		7A12A1EA1C3A5FA2001ABF5E /* ic_com_sina_weibo_sdk_login_button_with_frame_logo_pressed.png in Resources */ = {isa = PBXBuildFile; fileRef = 7A12A1AE1C3A5FA2001ABF5E /* ic_com_sina_weibo_sdk_login_button_with_frame_logo_pressed.png */; };
		7A12A1EB1C3A5FA2001ABF5E /* ic_com_sina_weibo_sdk_login_with_account_text_focused.png in Resources */ = {isa = PBXBuildFile; fileRef = 7A12A1AF1C3A5FA2001ABF5E /* ic_com_sina_weibo_sdk_login_with_account_text_focused.png */; };
		7A12A1EC1C3A5FA2001ABF5E /* ic_com_sina_weibo_sdk_login_with_account_text_normal.png in Resources */ = {isa = PBXBuildFile; fileRef = 7A12A1B01C3A5FA2001ABF5E /* ic_com_sina_weibo_sdk_login_with_account_text_normal.png */; };
		7A12A1ED1C3A5FA2001ABF5E /* ic_com_sina_weibo_sdk_login_with_account_text_pressed.png in Resources */ = {isa = PBXBuildFile; fileRef = 7A12A1B11C3A5FA2001ABF5E /* ic_com_sina_weibo_sdk_login_with_account_text_pressed.png */; };
		7A12A1EE1C3A5FA2001ABF5E /* ic_com_sina_weibo_sdk_logo.png in Resources */ = {isa = PBXBuildFile; fileRef = 7A12A1B21C3A5FA2001ABF5E /* ic_com_sina_weibo_sdk_logo.png */; };
		7A12A1EF1C3A5FA2001ABF5E /* icon_ac.png in Resources */ = {isa = PBXBuildFile; fileRef = 7A12A1B31C3A5FA2001ABF5E /* icon_ac.png */; };
		7A12A1F01C3A5FA2001ABF5E /* icon_ele.png in Resources */ = {isa = PBXBuildFile; fileRef = 7A12A1B41C3A5FA2001ABF5E /* icon_ele.png */; };
		7A12A1F11C3A5FA2001ABF5E /* icon_like.png in Resources */ = {isa = PBXBuildFile; fileRef = 7A12A1B51C3A5FA2001ABF5E /* icon_like.png */; };
		7A12A1F21C3A5FA2001ABF5E /* icon_msg.png in Resources */ = {isa = PBXBuildFile; fileRef = 7A12A1B61C3A5FA2001ABF5E /* icon_msg.png */; };
		7A12A1F31C3A5FA2001ABF5E /* icon_order.png in Resources */ = {isa = PBXBuildFile; fileRef = 7A12A1B71C3A5FA2001ABF5E /* icon_order.png */; };
		7A12A1F41C3A5FA2001ABF5E /* icon_ordered.png in Resources */ = {isa = PBXBuildFile; fileRef = 7A12A1B81C3A5FA2001ABF5E /* icon_ordered.png */; };
		7A12A1F51C3A5FA2001ABF5E /* icon_shop.png in Resources */ = {isa = PBXBuildFile; fileRef = 7A12A1B91C3A5FA2001ABF5E /* icon_shop.png */; };
		7A12A1F61C3A5FA2001ABF5E /* icon_user.png in Resources */ = {isa = PBXBuildFile; fileRef = 7A12A1BA1C3A5FA2001ABF5E /* icon_user.png */; };
		7A12A1F71C3A5FA2001ABF5E /* icon_weixin.png in Resources */ = {isa = PBXBuildFile; fileRef = 7A12A1BB1C3A5FA2001ABF5E /* icon_weixin.png */; };
		7A12A1F81C3A5FA2001ABF5E /* list_down.png in Resources */ = {isa = PBXBuildFile; fileRef = 7A12A1BC1C3A5FA2001ABF5E /* list_down.png */; };
		7A12A1F91C3A5FA2001ABF5E /* list_integral.png in Resources */ = {isa = PBXBuildFile; fileRef = 7A12A1BD1C3A5FA2001ABF5E /* list_integral.png */; };
		7A12A1FA1C3A5FA2001ABF5E /* list_like_heart.png in Resources */ = {isa = PBXBuildFile; fileRef = 7A12A1BE1C3A5FA2001ABF5E /* list_like_heart.png */; };
		7A12A1FB1C3A5FA2001ABF5E /* list_make_out@2x.png in Resources */ = {isa = PBXBuildFile; fileRef = 7A12A1BF1C3A5FA2001ABF5E /* list_make_out@2x.png */; };
		7A12A1FC1C3A5FA2001ABF5E /* list_selected.png in Resources */ = {isa = PBXBuildFile; fileRef = 7A12A1C01C3A5FA2001ABF5E /* list_selected.png */; };
		7A12A1FD1C3A5FA2001ABF5E /* list_up.png in Resources */ = {isa = PBXBuildFile; fileRef = 7A12A1C11C3A5FA2001ABF5E /* list_up.png */; };
		7A12A1FE1C3A5FA2001ABF5E /* logo.png in Resources */ = {isa = PBXBuildFile; fileRef = 7A12A1C21C3A5FA2001ABF5E /* logo.png */; };
		7A12A1FF1C3A5FA2001ABF5E /* noselect.png in Resources */ = {isa = PBXBuildFile; fileRef = 7A12A1C31C3A5FA2001ABF5E /* noselect.png */; };
		7A12A2001C3A5FA2001ABF5E /* pos.png in Resources */ = {isa = PBXBuildFile; fileRef = 7A12A1C41C3A5FA2001ABF5E /* pos.png */; };
		7A12A2011C3A5FA2001ABF5E /* red_shape.png in Resources */ = {isa = PBXBuildFile; fileRef = 7A12A1C51C3A5FA2001ABF5E /* red_shape.png */; };
		7A12A2021C3A5FA2001ABF5E /* select.png in Resources */ = {isa = PBXBuildFile; fileRef = 7A12A1C61C3A5FA2001ABF5E /* select.png */; };
		7A12A2031C3A5FA2001ABF5E /* shopping_trolley@2x.png in Resources */ = {isa = PBXBuildFile; fileRef = 7A12A1C71C3A5FA2001ABF5E /* shopping_trolley@2x.png */; };
		7A12A2071C3A7673001ABF5E /* mainTableViewCell.m in Sources */ = {isa = PBXBuildFile; fileRef = 7A12A2051C3A7673001ABF5E /* mainTableViewCell.m */; };
		7A12A2081C3A7673001ABF5E /* mainTableViewCell.xib in Resources */ = {isa = PBXBuildFile; fileRef = 7A12A2061C3A7673001ABF5E /* mainTableViewCell.xib */; };
		7A12A2321C3BA098001ABF5E /* mainModel.m in Sources */ = {isa = PBXBuildFile; fileRef = 7A12A2311C3BA098001ABF5E /* mainModel.m */; };
		7A12A2341C3BA3F9001ABF5E /* Property List.plist in Resources */ = {isa = PBXBuildFile; fileRef = 7A12A2331C3BA3F9001ABF5E /* Property List.plist */; };
		7A194AA01C3CBC29004725A3 /* SeclectCityViewController.m in Sources */ = {isa = PBXBuildFile; fileRef = 7A194A9F1C3CBC29004725A3 /* SeclectCityViewController.m */; };
		7A194AA61C3CBE8C004725A3 /* ActivityDetailViewController.m in Sources */ = {isa = PBXBuildFile; fileRef = 7A194AA51C3CBE8C004725A3 /* ActivityDetailViewController.m */; };
		7A194AA91C3CBF40004725A3 /* ThemeViewController.m in Sources */ = {isa = PBXBuildFile; fileRef = 7A194AA81C3CBF40004725A3 /* ThemeViewController.m */; };
		7A194AAC1C3CBFF1004725A3 /* classifyViewController.m in Sources */ = {isa = PBXBuildFile; fileRef = 7A194AAB1C3CBFF1004725A3 /* classifyViewController.m */; };
		7A194AAF1C3CC05F004725A3 /* GoodViewController.m in Sources */ = {isa = PBXBuildFile; fileRef = 7A194AAE1C3CC05F004725A3 /* GoodViewController.m */; };
		7A194AB21C3CC083004725A3 /* HotViewController.m in Sources */ = {isa = PBXBuildFile; fileRef = 7A194AB11C3CC083004725A3 /* HotViewController.m */; };
		7A194AB81C3CC921004725A3 /* sousuoViewController.m in Sources */ = {isa = PBXBuildFile; fileRef = 7A194AB71C3CC921004725A3 /* sousuoViewController.m */; };
		7A8880E71C410BC50068D807 /* blueArrow.png in Resources */ = {isa = PBXBuildFile; fileRef = 7A8880E31C410BC50068D807 /* blueArrow.png */; };
		7A8880E81C410BC50068D807 /* blueArrowDown.png in Resources */ = {isa = PBXBuildFile; fileRef = 7A8880E41C410BC50068D807 /* blueArrowDown.png */; };
		7A8880E91C410BC50068D807 /* PullingRefreshTableView.m in Sources */ = {isa = PBXBuildFile; fileRef = 7A8880E61C410BC50068D807 /* PullingRefreshTableView.m */; };
		7AAB208D1C3D1A8C00741AFA /* Activity.plist in Resources */ = {isa = PBXBuildFile; fileRef = 7AAB208C1C3D1A8C00741AFA /* Activity.plist */; };
		7AAB208F1C3D1E2F00741AFA /* back@2x.png in Resources */ = {isa = PBXBuildFile; fileRef = 7AAB208E1C3D1E2F00741AFA /* back@2x.png */; };
		7AAB20931C3D206D00741AFA /* UIViewController+common.m in Sources */ = {isa = PBXBuildFile; fileRef = 7AAB20921C3D206D00741AFA /* UIViewController+common.m */; };
		7AB2068B1C3FA3AE005D59E6 /* goodTableViewCell.m in Sources */ = {isa = PBXBuildFile; fileRef = 7AB206891C3FA3AE005D59E6 /* goodTableViewCell.m */; };
		7AB2068C1C3FA3AE005D59E6 /* goodTableViewCell.xib in Resources */ = {isa = PBXBuildFile; fileRef = 7AB2068A1C3FA3AE005D59E6 /* goodTableViewCell.xib */; };
		7AB2068E1C3FAE68005D59E6 /* good.plist in Resources */ = {isa = PBXBuildFile; fileRef = 7AB2068D1C3FAE68005D59E6 /* good.plist */; };
		7AB206941C3FBB3E005D59E6 /* Goodd.plist in Resources */ = {isa = PBXBuildFile; fileRef = 7AB206931C3FBB3E005D59E6 /* Goodd.plist */; };
		7AB206961C3FBC03005D59E6 /* age_bg@2x.png in Resources */ = {isa = PBXBuildFile; fileRef = 7AB206951C3FBC03005D59E6 /* age_bg@2x.png */; };
		7AB206991C3FBE3F005D59E6 /* goodActivityModel.m in Sources */ = {isa = PBXBuildFile; fileRef = 7AB206981C3FBE3F005D59E6 /* goodActivityModel.m */; };
		7ABB0E7F1C3F57E70055EBA0 /* theme.plist in Resources */ = {isa = PBXBuildFile; fileRef = 7ABB0E7E1C3F57E70055EBA0 /* theme.plist */; };
		7ABB0E821C3F5ED50055EBA0 /* activityThemeView.m in Sources */ = {isa = PBXBuildFile; fileRef = 7ABB0E811C3F5ED50055EBA0 /* activityThemeView.m */; };
		7AD90CFC1C3A3C3600D8BF2C /* main.m in Sources */ = {isa = PBXBuildFile; fileRef = 7AD90CFB1C3A3C3600D8BF2C /* main.m */; };
		7AD90CFF1C3A3C3600D8BF2C /* AppDelegate.m in Sources */ = {isa = PBXBuildFile; fileRef = 7AD90CFE1C3A3C3600D8BF2C /* AppDelegate.m */; };
		7AD90D011C3A3C3600D8BF2C /* Assets.xcassets in Resources */ = {isa = PBXBuildFile; fileRef = 7AD90D001C3A3C3600D8BF2C /* Assets.xcassets */; };
		7AD90D041C3A3C3600D8BF2C /* LaunchScreen.storyboard in Resources */ = {isa = PBXBuildFile; fileRef = 7AD90D021C3A3C3600D8BF2C /* LaunchScreen.storyboard */; };
		7AD90D311C3A4D8400D8BF2C /* discoverViewController.m in Sources */ = {isa = PBXBuildFile; fileRef = 7AD90D221C3A4D8400D8BF2C /* discoverViewController.m */; };
		7AD90D321C3A4D8400D8BF2C /* mainViewController.m in Sources */ = {isa = PBXBuildFile; fileRef = 7AD90D281C3A4D8400D8BF2C /* mainViewController.m */; };
		7AD90D331C3A4D8400D8BF2C /* mineViewController.m in Sources */ = {isa = PBXBuildFile; fileRef = 7AD90D2E1C3A4D8400D8BF2C /* mineViewController.m */; };
		7AD90E251C3A528D00D8BF2C /* mainStoryboard.storyboard in Resources */ = {isa = PBXBuildFile; fileRef = 7AD90E241C3A528D00D8BF2C /* mainStoryboard.storyboard */; };
		7AD90E271C3A529D00D8BF2C /* discoverStoryboard.storyboard in Resources */ = {isa = PBXBuildFile; fileRef = 7AD90E261C3A529D00D8BF2C /* discoverStoryboard.storyboard */; };
		7AD90E2B1C3A52BA00D8BF2C /* mineStoryboard.storyboard in Resources */ = {isa = PBXBuildFile; fileRef = 7AD90E2A1C3A52BA00D8BF2C /* mineStoryboard.storyboard */; };
		7AE907231C3E055C00A6504B /* grayLine.png in Resources */ = {isa = PBXBuildFile; fileRef = 7AE907221C3E055C00A6504B /* grayLine.png */; };
		7AE907251C3E064900A6504B /* ac_location_normal@2x.png in Resources */ = {isa = PBXBuildFile; fileRef = 7AE907241C3E064900A6504B /* ac_location_normal@2x.png */; };
		7AE907271C3E065300A6504B /* phone@2x.png in Resources */ = {isa = PBXBuildFile; fileRef = 7AE907261C3E065300A6504B /* phone@2x.png */; };
		7AE907291C3E0C9000A6504B /* ac_details_img@2x.png in Resources */ = {isa = PBXBuildFile; fileRef = 7AE907281C3E0C9000A6504B /* ac_details_img@2x.png */; };
		7AE9072C1C3E10E300A6504B /* ActivityDateilView.m in Sources */ = {isa = PBXBuildFile; fileRef = 7AE9072B1C3E10E300A6504B /* ActivityDateilView.m */; };
		7AE9072F1C3E4C3400A6504B /* HWtools.m in Sources */ = {isa = PBXBuildFile; fileRef = 7AE9072E1C3E4C3400A6504B /* HWtools.m */; };
		7AE907321C3E5B3100A6504B /* UIView+Estonsion.m in Sources */ = {isa = PBXBuildFile; fileRef = 7AE907311C3E5B3100A6504B /* UIView+Estonsion.m */; };
/* End PBXBuildFile section */

/* Begin PBXFileReference section */
		21716EABCA2B6CD6BB8D7835 /* Pods.release.xcconfig */ = {isa = PBXFileReference; includeInIndex = 1; lastKnownFileType = text.xcconfig; name = Pods.release.xcconfig; path = "Pods/Target Support Files/Pods/Pods.release.xcconfig"; sourceTree = "<group>"; };
		529EF53AA4EB2A9B9BEC1543 /* libPods.a */ = {isa = PBXFileReference; explicitFileType = archive.ar; includeInIndex = 0; path = libPods.a; sourceTree = BUILT_PRODUCTS_DIR; };
		7A12A18C1C3A5FA2001ABF5E /* btn_cover.png */ = {isa = PBXFileReference; lastKnownFileType = image.png; path = btn_cover.png; sourceTree = "<group>"; };
		7A12A18D1C3A5FA2001ABF5E /* btn_downarrow.png */ = {isa = PBXFileReference; lastKnownFileType = image.png; path = btn_downarrow.png; sourceTree = "<group>"; };
		7A12A18E1C3A5FA2001ABF5E /* btn_exchange.png */ = {isa = PBXFileReference; lastKnownFileType = image.png; path = btn_exchange.png; sourceTree = "<group>"; };
		7A12A18F1C3A5FA2001ABF5E /* btn_nearby.png */ = {isa = PBXFileReference; lastKnownFileType = image.png; path = btn_nearby.png; sourceTree = "<group>"; };
		7A12A1901C3A5FA2001ABF5E /* btn_refresh.png */ = {isa = PBXFileReference; lastKnownFileType = image.png; path = btn_refresh.png; sourceTree = "<group>"; };
		7A12A1911C3A5FA2001ABF5E /* btn_screening.png */ = {isa = PBXFileReference; lastKnownFileType = image.png; path = btn_screening.png; sourceTree = "<group>"; };
		7A12A1921C3A5FA2001ABF5E /* btn_search.png */ = {isa = PBXFileReference; lastKnownFileType = image.png; path = btn_search.png; sourceTree = "<group>"; };
		7A12A1931C3A5FA2001ABF5E /* btn_shezhi.png */ = {isa = PBXFileReference; lastKnownFileType = image.png; path = btn_shezhi.png; sourceTree = "<group>"; };
		7A12A1941C3A5FA2001ABF5E /* btn_timetree.png */ = {isa = PBXFileReference; lastKnownFileType = image.png; path = btn_timetree.png; sourceTree = "<group>"; };
		7A12A1951C3A5FA2001ABF5E /* btn_uparrow.png */ = {isa = PBXFileReference; lastKnownFileType = image.png; path = btn_uparrow.png; sourceTree = "<group>"; };
		7A12A1961C3A5FA2001ABF5E /* default_gouwu.png */ = {isa = PBXFileReference; lastKnownFileType = image.png; path = default_gouwu.png; sourceTree = "<group>"; };
		7A12A1971C3A5FA2001ABF5E /* default_yuer.png */ = {isa = PBXFileReference; lastKnownFileType = image.png; path = default_yuer.png; sourceTree = "<group>"; };
		7A12A1981C3A5FA2001ABF5E /* ft_found_normal_ic.png */ = {isa = PBXFileReference; lastKnownFileType = image.png; path = ft_found_normal_ic.png; sourceTree = "<group>"; };
		7A12A1991C3A5FA2001ABF5E /* ft_found_selected_ic.png */ = {isa = PBXFileReference; lastKnownFileType = image.png; path = ft_found_selected_ic.png; sourceTree = "<group>"; };
		7A12A19A1C3A5FA2001ABF5E /* ft_home_normal_ic.png */ = {isa = PBXFileReference; lastKnownFileType = image.png; path = ft_home_normal_ic.png; sourceTree = "<group>"; };
		7A12A19B1C3A5FA2001ABF5E /* ft_home_selected_ic.png */ = {isa = PBXFileReference; lastKnownFileType = image.png; path = ft_home_selected_ic.png; sourceTree = "<group>"; };
		7A12A19C1C3A5FA2001ABF5E /* ft_person_normal_ic.png */ = {isa = PBXFileReference; lastKnownFileType = image.png; path = ft_person_normal_ic.png; sourceTree = "<group>"; };
		7A12A19D1C3A5FA2001ABF5E /* ft_person_selected_ic.png */ = {isa = PBXFileReference; lastKnownFileType = image.png; path = ft_person_selected_ic.png; sourceTree = "<group>"; };
		7A12A19E1C3A5FA2001ABF5E /* home_huodong.png */ = {isa = PBXFileReference; lastKnownFileType = image.png; path = home_huodong.png; sourceTree = "<group>"; };
		7A12A19F1C3A5FA2001ABF5E /* home_icon_jingdin.png */ = {isa = PBXFileReference; lastKnownFileType = image.png; path = home_icon_jingdin.png; sourceTree = "<group>"; };
		7A12A1A01C3A5FA2001ABF5E /* home_icon_qinzi.png */ = {isa = PBXFileReference; lastKnownFileType = image.png; path = home_icon_qinzi.png; sourceTree = "<group>"; };
		7A12A1A11C3A5FA2001ABF5E /* home_icon_yanchu.png */ = {isa = PBXFileReference; lastKnownFileType = image.png; path = home_icon_yanchu.png; sourceTree = "<group>"; };
		7A12A1A21C3A5FA2001ABF5E /* home_icon_yizhi.png */ = {isa = PBXFileReference; lastKnownFileType = image.png; path = home_icon_yizhi.png; sourceTree = "<group>"; };
		7A12A1A31C3A5FA2001ABF5E /* home_recommd_rc.png */ = {isa = PBXFileReference; lastKnownFileType = image.png; path = home_recommd_rc.png; sourceTree = "<group>"; };
		7A12A1A41C3A5FA2001ABF5E /* home_recommed_ac.png */ = {isa = PBXFileReference; lastKnownFileType = image.png; path = home_recommed_ac.png; sourceTree = "<group>"; };
		7A12A1A51C3A5FA2001ABF5E /* home_zhuanti.png */ = {isa = PBXFileReference; lastKnownFileType = image.png; path = home_zhuanti.png; sourceTree = "<group>"; };
		7A12A1A61C3A5FA2001ABF5E /* ic_com_sina_weibo_sdk_button_blue_focused.9.png */ = {isa = PBXFileReference; lastKnownFileType = image.png; path = ic_com_sina_weibo_sdk_button_blue_focused.9.png; sourceTree = "<group>"; };
		7A12A1A71C3A5FA2001ABF5E /* ic_com_sina_weibo_sdk_button_blue_normal.9.png */ = {isa = PBXFileReference; lastKnownFileType = image.png; path = ic_com_sina_weibo_sdk_button_blue_normal.9.png; sourceTree = "<group>"; };
		7A12A1A81C3A5FA2001ABF5E /* ic_com_sina_weibo_sdk_button_blue_pressed.9.png */ = {isa = PBXFileReference; lastKnownFileType = image.png; path = ic_com_sina_weibo_sdk_button_blue_pressed.9.png; sourceTree = "<group>"; };
		7A12A1A91C3A5FA2001ABF5E /* ic_com_sina_weibo_sdk_button_grey_focused.9.png */ = {isa = PBXFileReference; lastKnownFileType = image.png; path = ic_com_sina_weibo_sdk_button_grey_focused.9.png; sourceTree = "<group>"; };
		7A12A1AA1C3A5FA2001ABF5E /* ic_com_sina_weibo_sdk_button_grey_normal.9.png */ = {isa = PBXFileReference; lastKnownFileType = image.png; path = ic_com_sina_weibo_sdk_button_grey_normal.9.png; sourceTree = "<group>"; };
		7A12A1AB1C3A5FA2001ABF5E /* ic_com_sina_weibo_sdk_button_grey_pressed.9.png */ = {isa = PBXFileReference; lastKnownFileType = image.png; path = ic_com_sina_weibo_sdk_button_grey_pressed.9.png; sourceTree = "<group>"; };
		7A12A1AC1C3A5FA2001ABF5E /* ic_com_sina_weibo_sdk_login_button_with_frame_logo_focused.png */ = {isa = PBXFileReference; lastKnownFileType = image.png; path = ic_com_sina_weibo_sdk_login_button_with_frame_logo_focused.png; sourceTree = "<group>"; };
		7A12A1AD1C3A5FA2001ABF5E /* ic_com_sina_weibo_sdk_login_button_with_frame_logo_normal.png */ = {isa = PBXFileReference; lastKnownFileType = image.png; path = ic_com_sina_weibo_sdk_login_button_with_frame_logo_normal.png; sourceTree = "<group>"; };
		7A12A1AE1C3A5FA2001ABF5E /* ic_com_sina_weibo_sdk_login_button_with_frame_logo_pressed.png */ = {isa = PBXFileReference; lastKnownFileType = image.png; path = ic_com_sina_weibo_sdk_login_button_with_frame_logo_pressed.png; sourceTree = "<group>"; };
		7A12A1AF1C3A5FA2001ABF5E /* ic_com_sina_weibo_sdk_login_with_account_text_focused.png */ = {isa = PBXFileReference; lastKnownFileType = image.png; path = ic_com_sina_weibo_sdk_login_with_account_text_focused.png; sourceTree = "<group>"; };
		7A12A1B01C3A5FA2001ABF5E /* ic_com_sina_weibo_sdk_login_with_account_text_normal.png */ = {isa = PBXFileReference; lastKnownFileType = image.png; path = ic_com_sina_weibo_sdk_login_with_account_text_normal.png; sourceTree = "<group>"; };
		7A12A1B11C3A5FA2001ABF5E /* ic_com_sina_weibo_sdk_login_with_account_text_pressed.png */ = {isa = PBXFileReference; lastKnownFileType = image.png; path = ic_com_sina_weibo_sdk_login_with_account_text_pressed.png; sourceTree = "<group>"; };
		7A12A1B21C3A5FA2001ABF5E /* ic_com_sina_weibo_sdk_logo.png */ = {isa = PBXFileReference; lastKnownFileType = image.png; path = ic_com_sina_weibo_sdk_logo.png; sourceTree = "<group>"; };
		7A12A1B31C3A5FA2001ABF5E /* icon_ac.png */ = {isa = PBXFileReference; lastKnownFileType = image.png; path = icon_ac.png; sourceTree = "<group>"; };
		7A12A1B41C3A5FA2001ABF5E /* icon_ele.png */ = {isa = PBXFileReference; lastKnownFileType = image.png; path = icon_ele.png; sourceTree = "<group>"; };
		7A12A1B51C3A5FA2001ABF5E /* icon_like.png */ = {isa = PBXFileReference; lastKnownFileType = image.png; path = icon_like.png; sourceTree = "<group>"; };
		7A12A1B61C3A5FA2001ABF5E /* icon_msg.png */ = {isa = PBXFileReference; lastKnownFileType = image.png; path = icon_msg.png; sourceTree = "<group>"; };
		7A12A1B71C3A5FA2001ABF5E /* icon_order.png */ = {isa = PBXFileReference; lastKnownFileType = image.png; path = icon_order.png; sourceTree = "<group>"; };
		7A12A1B81C3A5FA2001ABF5E /* icon_ordered.png */ = {isa = PBXFileReference; lastKnownFileType = image.png; path = icon_ordered.png; sourceTree = "<group>"; };
		7A12A1B91C3A5FA2001ABF5E /* icon_shop.png */ = {isa = PBXFileReference; lastKnownFileType = image.png; path = icon_shop.png; sourceTree = "<group>"; };
		7A12A1BA1C3A5FA2001ABF5E /* icon_user.png */ = {isa = PBXFileReference; lastKnownFileType = image.png; path = icon_user.png; sourceTree = "<group>"; };
		7A12A1BB1C3A5FA2001ABF5E /* icon_weixin.png */ = {isa = PBXFileReference; lastKnownFileType = image.png; path = icon_weixin.png; sourceTree = "<group>"; };
		7A12A1BC1C3A5FA2001ABF5E /* list_down.png */ = {isa = PBXFileReference; lastKnownFileType = image.png; path = list_down.png; sourceTree = "<group>"; };
		7A12A1BD1C3A5FA2001ABF5E /* list_integral.png */ = {isa = PBXFileReference; lastKnownFileType = image.png; path = list_integral.png; sourceTree = "<group>"; };
		7A12A1BE1C3A5FA2001ABF5E /* list_like_heart.png */ = {isa = PBXFileReference; lastKnownFileType = image.png; path = list_like_heart.png; sourceTree = "<group>"; };
		7A12A1BF1C3A5FA2001ABF5E /* list_make_out@2x.png */ = {isa = PBXFileReference; lastKnownFileType = image.png; path = "list_make_out@2x.png"; sourceTree = "<group>"; };
		7A12A1C01C3A5FA2001ABF5E /* list_selected.png */ = {isa = PBXFileReference; lastKnownFileType = image.png; path = list_selected.png; sourceTree = "<group>"; };
		7A12A1C11C3A5FA2001ABF5E /* list_up.png */ = {isa = PBXFileReference; lastKnownFileType = image.png; path = list_up.png; sourceTree = "<group>"; };
		7A12A1C21C3A5FA2001ABF5E /* logo.png */ = {isa = PBXFileReference; lastKnownFileType = image.png; path = logo.png; sourceTree = "<group>"; };
		7A12A1C31C3A5FA2001ABF5E /* noselect.png */ = {isa = PBXFileReference; lastKnownFileType = image.png; path = noselect.png; sourceTree = "<group>"; };
		7A12A1C41C3A5FA2001ABF5E /* pos.png */ = {isa = PBXFileReference; lastKnownFileType = image.png; path = pos.png; sourceTree = "<group>"; };
		7A12A1C51C3A5FA2001ABF5E /* red_shape.png */ = {isa = PBXFileReference; lastKnownFileType = image.png; path = red_shape.png; sourceTree = "<group>"; };
		7A12A1C61C3A5FA2001ABF5E /* select.png */ = {isa = PBXFileReference; lastKnownFileType = image.png; path = select.png; sourceTree = "<group>"; };
		7A12A1C71C3A5FA2001ABF5E /* shopping_trolley@2x.png */ = {isa = PBXFileReference; lastKnownFileType = image.png; path = "shopping_trolley@2x.png"; sourceTree = "<group>"; };
		7A12A2041C3A7673001ABF5E /* mainTableViewCell.h */ = {isa = PBXFileReference; fileEncoding = 4; lastKnownFileType = sourcecode.c.h; name = mainTableViewCell.h; path = HappyDayAndDay/classes/main/Cell/mainTableViewCell.h; sourceTree = SOURCE_ROOT; };
		7A12A2051C3A7673001ABF5E /* mainTableViewCell.m */ = {isa = PBXFileReference; fileEncoding = 4; lastKnownFileType = sourcecode.c.objc; name = mainTableViewCell.m; path = HappyDayAndDay/classes/main/Cell/mainTableViewCell.m; sourceTree = SOURCE_ROOT; };
		7A12A2061C3A7673001ABF5E /* mainTableViewCell.xib */ = {isa = PBXFileReference; fileEncoding = 4; lastKnownFileType = file.xib; name = mainTableViewCell.xib; path = HappyDayAndDay/classes/main/Cell/mainTableViewCell.xib; sourceTree = SOURCE_ROOT; };
		7A12A2301C3BA098001ABF5E /* mainModel.h */ = {isa = PBXFileReference; fileEncoding = 4; lastKnownFileType = sourcecode.c.h; path = mainModel.h; sourceTree = "<group>"; };
		7A12A2311C3BA098001ABF5E /* mainModel.m */ = {isa = PBXFileReference; fileEncoding = 4; lastKnownFileType = sourcecode.c.objc; path = mainModel.m; sourceTree = "<group>"; };
		7A12A2331C3BA3F9001ABF5E /* Property List.plist */ = {isa = PBXFileReference; fileEncoding = 4; lastKnownFileType = text.plist.xml; path = "Property List.plist"; sourceTree = "<group>"; };
		7A194A9E1C3CBC29004725A3 /* SeclectCityViewController.h */ = {isa = PBXFileReference; fileEncoding = 4; lastKnownFileType = sourcecode.c.h; path = SeclectCityViewController.h; sourceTree = "<group>"; };
		7A194A9F1C3CBC29004725A3 /* SeclectCityViewController.m */ = {isa = PBXFileReference; fileEncoding = 4; lastKnownFileType = sourcecode.c.objc; path = SeclectCityViewController.m; sourceTree = "<group>"; };
		7A194AA41C3CBE8C004725A3 /* ActivityDetailViewController.h */ = {isa = PBXFileReference; fileEncoding = 4; lastKnownFileType = sourcecode.c.h; path = ActivityDetailViewController.h; sourceTree = "<group>"; };
		7A194AA51C3CBE8C004725A3 /* ActivityDetailViewController.m */ = {isa = PBXFileReference; fileEncoding = 4; lastKnownFileType = sourcecode.c.objc; path = ActivityDetailViewController.m; sourceTree = "<group>"; };
		7A194AA71C3CBF40004725A3 /* ThemeViewController.h */ = {isa = PBXFileReference; fileEncoding = 4; lastKnownFileType = sourcecode.c.h; path = ThemeViewController.h; sourceTree = "<group>"; };
		7A194AA81C3CBF40004725A3 /* ThemeViewController.m */ = {isa = PBXFileReference; fileEncoding = 4; lastKnownFileType = sourcecode.c.objc; path = ThemeViewController.m; sourceTree = "<group>"; };
		7A194AAA1C3CBFF0004725A3 /* classifyViewController.h */ = {isa = PBXFileReference; fileEncoding = 4; lastKnownFileType = sourcecode.c.h; path = classifyViewController.h; sourceTree = "<group>"; };
		7A194AAB1C3CBFF1004725A3 /* classifyViewController.m */ = {isa = PBXFileReference; fileEncoding = 4; lastKnownFileType = sourcecode.c.objc; path = classifyViewController.m; sourceTree = "<group>"; };
		7A194AAD1C3CC05F004725A3 /* GoodViewController.h */ = {isa = PBXFileReference; fileEncoding = 4; lastKnownFileType = sourcecode.c.h; path = GoodViewController.h; sourceTree = "<group>"; };
		7A194AAE1C3CC05F004725A3 /* GoodViewController.m */ = {isa = PBXFileReference; fileEncoding = 4; lastKnownFileType = sourcecode.c.objc; path = GoodViewController.m; sourceTree = "<group>"; };
		7A194AB01C3CC083004725A3 /* HotViewController.h */ = {isa = PBXFileReference; fileEncoding = 4; lastKnownFileType = sourcecode.c.h; path = HotViewController.h; sourceTree = "<group>"; };
		7A194AB11C3CC083004725A3 /* HotViewController.m */ = {isa = PBXFileReference; fileEncoding = 4; lastKnownFileType = sourcecode.c.objc; path = HotViewController.m; sourceTree = "<group>"; };
		7A194AB61C3CC921004725A3 /* sousuoViewController.h */ = {isa = PBXFileReference; fileEncoding = 4; lastKnownFileType = sourcecode.c.h; path = sousuoViewController.h; sourceTree = "<group>"; };
		7A194AB71C3CC921004725A3 /* sousuoViewController.m */ = {isa = PBXFileReference; fileEncoding = 4; lastKnownFileType = sourcecode.c.objc; path = sousuoViewController.m; sourceTree = "<group>"; };
		7A19734A1C3CAE0100398756 /* PrefixHeader.pch */ = {isa = PBXFileReference; fileEncoding = 4; lastKnownFileType = sourcecode.c.h; path = PrefixHeader.pch; sourceTree = "<group>"; };
		7A19734D1C3CB3CE00398756 /* Header.h */ = {isa = PBXFileReference; fileEncoding = 4; lastKnownFileType = sourcecode.c.h; path = Header.h; sourceTree = "<group>"; };
		7A8880E31C410BC50068D807 /* blueArrow.png */ = {isa = PBXFileReference; lastKnownFileType = image.png; path = blueArrow.png; sourceTree = "<group>"; };
		7A8880E41C410BC50068D807 /* blueArrowDown.png */ = {isa = PBXFileReference; lastKnownFileType = image.png; path = blueArrowDown.png; sourceTree = "<group>"; };
		7A8880E51C410BC50068D807 /* PullingRefreshTableView.h */ = {isa = PBXFileReference; fileEncoding = 4; lastKnownFileType = sourcecode.c.h; path = PullingRefreshTableView.h; sourceTree = "<group>"; };
		7A8880E61C410BC50068D807 /* PullingRefreshTableView.m */ = {isa = PBXFileReference; fileEncoding = 4; lastKnownFileType = sourcecode.c.objc; path = PullingRefreshTableView.m; sourceTree = "<group>"; };
		7AAB208C1C3D1A8C00741AFA /* Activity.plist */ = {isa = PBXFileReference; fileEncoding = 4; lastKnownFileType = text.plist.xml; path = Activity.plist; sourceTree = "<group>"; };
		7AAB208E1C3D1E2F00741AFA /* back@2x.png */ = {isa = PBXFileReference; lastKnownFileType = image.png; path = "back@2x.png"; sourceTree = "<group>"; };
		7AAB20911C3D206D00741AFA /* UIViewController+common.h */ = {isa = PBXFileReference; fileEncoding = 4; lastKnownFileType = sourcecode.c.h; path = "UIViewController+common.h"; sourceTree = "<group>"; };
		7AAB20921C3D206D00741AFA /* UIViewController+common.m */ = {isa = PBXFileReference; fileEncoding = 4; lastKnownFileType = sourcecode.c.objc; path = "UIViewController+common.m"; sourceTree = "<group>"; };
		7AB206881C3FA3AE005D59E6 /* goodTableViewCell.h */ = {isa = PBXFileReference; fileEncoding = 4; lastKnownFileType = sourcecode.c.h; path = goodTableViewCell.h; sourceTree = "<group>"; };
		7AB206891C3FA3AE005D59E6 /* goodTableViewCell.m */ = {isa = PBXFileReference; fileEncoding = 4; lastKnownFileType = sourcecode.c.objc; path = goodTableViewCell.m; sourceTree = "<group>"; };
		7AB2068A1C3FA3AE005D59E6 /* goodTableViewCell.xib */ = {isa = PBXFileReference; fileEncoding = 4; lastKnownFileType = file.xib; path = goodTableViewCell.xib; sourceTree = "<group>"; };
		7AB2068D1C3FAE68005D59E6 /* good.plist */ = {isa = PBXFileReference; fileEncoding = 4; lastKnownFileType = text.plist.xml; path = good.plist; sourceTree = "<group>"; };
		7AB206931C3FBB3E005D59E6 /* Goodd.plist */ = {isa = PBXFileReference; fileEncoding = 4; lastKnownFileType = text.plist.xml; path = Goodd.plist; sourceTree = "<group>"; };
		7AB206951C3FBC03005D59E6 /* age_bg@2x.png */ = {isa = PBXFileReference; lastKnownFileType = image.png; name = "age_bg@2x.png"; path = "../../classes/discover/age_bg@2x.png"; sourceTree = "<group>"; };
		7AB206971C3FBE3F005D59E6 /* goodActivityModel.h */ = {isa = PBXFileReference; fileEncoding = 4; lastKnownFileType = sourcecode.c.h; path = goodActivityModel.h; sourceTree = "<group>"; };
		7AB206981C3FBE3F005D59E6 /* goodActivityModel.m */ = {isa = PBXFileReference; fileEncoding = 4; lastKnownFileType = sourcecode.c.objc; path = goodActivityModel.m; sourceTree = "<group>"; };
		7ABB0E7E1C3F57E70055EBA0 /* theme.plist */ = {isa = PBXFileReference; fileEncoding = 4; lastKnownFileType = text.plist; path = theme.plist; sourceTree = "<group>"; };
		7ABB0E801C3F5ED50055EBA0 /* activityThemeView.h */ = {isa = PBXFileReference; fileEncoding = 4; lastKnownFileType = sourcecode.c.h; path = activityThemeView.h; sourceTree = "<group>"; };
		7ABB0E811C3F5ED50055EBA0 /* activityThemeView.m */ = {isa = PBXFileReference; fileEncoding = 4; lastKnownFileType = sourcecode.c.objc; path = activityThemeView.m; sourceTree = "<group>"; };
		7AD90CF71C3A3C3600D8BF2C /* HappyDayAndDay.app */ = {isa = PBXFileReference; explicitFileType = wrapper.application; includeInIndex = 0; path = HappyDayAndDay.app; sourceTree = BUILT_PRODUCTS_DIR; };
		7AD90CFB1C3A3C3600D8BF2C /* main.m */ = {isa = PBXFileReference; lastKnownFileType = sourcecode.c.objc; path = main.m; sourceTree = "<group>"; };
		7AD90CFD1C3A3C3600D8BF2C /* AppDelegate.h */ = {isa = PBXFileReference; lastKnownFileType = sourcecode.c.h; path = AppDelegate.h; sourceTree = "<group>"; };
		7AD90CFE1C3A3C3600D8BF2C /* AppDelegate.m */ = {isa = PBXFileReference; lastKnownFileType = sourcecode.c.objc; path = AppDelegate.m; sourceTree = "<group>"; };
		7AD90D001C3A3C3600D8BF2C /* Assets.xcassets */ = {isa = PBXFileReference; lastKnownFileType = folder.assetcatalog; path = Assets.xcassets; sourceTree = "<group>"; };
		7AD90D031C3A3C3600D8BF2C /* Base */ = {isa = PBXFileReference; lastKnownFileType = file.storyboard; name = Base; path = Base.lproj/LaunchScreen.storyboard; sourceTree = "<group>"; };
		7AD90D051C3A3C3600D8BF2C /* Info.plist */ = {isa = PBXFileReference; lastKnownFileType = text.plist.xml; path = Info.plist; sourceTree = "<group>"; };
		7AD90D211C3A4D8400D8BF2C /* discoverViewController.h */ = {isa = PBXFileReference; fileEncoding = 4; lastKnownFileType = sourcecode.c.h; path = discoverViewController.h; sourceTree = "<group>"; };
		7AD90D221C3A4D8400D8BF2C /* discoverViewController.m */ = {isa = PBXFileReference; fileEncoding = 4; lastKnownFileType = sourcecode.c.objc; path = discoverViewController.m; sourceTree = "<group>"; };
		7AD90D271C3A4D8400D8BF2C /* mainViewController.h */ = {isa = PBXFileReference; fileEncoding = 4; lastKnownFileType = sourcecode.c.h; path = mainViewController.h; sourceTree = "<group>"; };
		7AD90D281C3A4D8400D8BF2C /* mainViewController.m */ = {isa = PBXFileReference; fileEncoding = 4; lastKnownFileType = sourcecode.c.objc; path = mainViewController.m; sourceTree = "<group>"; };
		7AD90D2D1C3A4D8400D8BF2C /* mineViewController.h */ = {isa = PBXFileReference; fileEncoding = 4; lastKnownFileType = sourcecode.c.h; path = mineViewController.h; sourceTree = "<group>"; };
		7AD90D2E1C3A4D8400D8BF2C /* mineViewController.m */ = {isa = PBXFileReference; fileEncoding = 4; lastKnownFileType = sourcecode.c.objc; path = mineViewController.m; sourceTree = "<group>"; };
		7AD90E241C3A528D00D8BF2C /* mainStoryboard.storyboard */ = {isa = PBXFileReference; fileEncoding = 4; lastKnownFileType = file.storyboard; path = mainStoryboard.storyboard; sourceTree = "<group>"; };
		7AD90E261C3A529D00D8BF2C /* discoverStoryboard.storyboard */ = {isa = PBXFileReference; fileEncoding = 4; lastKnownFileType = file.storyboard; path = discoverStoryboard.storyboard; sourceTree = "<group>"; };
		7AD90E2A1C3A52BA00D8BF2C /* mineStoryboard.storyboard */ = {isa = PBXFileReference; fileEncoding = 4; lastKnownFileType = file.storyboard; path = mineStoryboard.storyboard; sourceTree = "<group>"; };
		7AE907221C3E055C00A6504B /* grayLine.png */ = {isa = PBXFileReference; lastKnownFileType = image.png; name = grayLine.png; path = ../../classes/main/Cell/grayLine.png; sourceTree = "<group>"; };
		7AE907241C3E064900A6504B /* ac_location_normal@2x.png */ = {isa = PBXFileReference; lastKnownFileType = image.png; path = "ac_location_normal@2x.png"; sourceTree = "<group>"; };
		7AE907261C3E065300A6504B /* phone@2x.png */ = {isa = PBXFileReference; lastKnownFileType = image.png; path = "phone@2x.png"; sourceTree = "<group>"; };
		7AE907281C3E0C9000A6504B /* ac_details_img@2x.png */ = {isa = PBXFileReference; lastKnownFileType = image.png; path = "ac_details_img@2x.png"; sourceTree = "<group>"; };
		7AE9072A1C3E10E300A6504B /* ActivityDateilView.h */ = {isa = PBXFileReference; fileEncoding = 4; lastKnownFileType = sourcecode.c.h; path = ActivityDateilView.h; sourceTree = "<group>"; };
		7AE9072B1C3E10E300A6504B /* ActivityDateilView.m */ = {isa = PBXFileReference; fileEncoding = 4; lastKnownFileType = sourcecode.c.objc; path = ActivityDateilView.m; sourceTree = "<group>"; };
		7AE9072D1C3E4C3400A6504B /* HWtools.h */ = {isa = PBXFileReference; fileEncoding = 4; lastKnownFileType = sourcecode.c.h; path = HWtools.h; sourceTree = "<group>"; };
		7AE9072E1C3E4C3400A6504B /* HWtools.m */ = {isa = PBXFileReference; fileEncoding = 4; lastKnownFileType = sourcecode.c.objc; path = HWtools.m; sourceTree = "<group>"; };
		7AE907301C3E5B3100A6504B /* UIView+Estonsion.h */ = {isa = PBXFileReference; fileEncoding = 4; lastKnownFileType = sourcecode.c.h; path = "UIView+Estonsion.h"; sourceTree = "<group>"; };
		7AE907311C3E5B3100A6504B /* UIView+Estonsion.m */ = {isa = PBXFileReference; fileEncoding = 4; lastKnownFileType = sourcecode.c.objc; path = "UIView+Estonsion.m"; sourceTree = "<group>"; };
		CC5A39DAA8211A2D6D93ACA1 /* Pods.debug.xcconfig */ = {isa = PBXFileReference; includeInIndex = 1; lastKnownFileType = text.xcconfig; name = Pods.debug.xcconfig; path = "Pods/Target Support Files/Pods/Pods.debug.xcconfig"; sourceTree = "<group>"; };
/* End PBXFileReference section */

/* Begin PBXFrameworksBuildPhase section */
		7AD90CF41C3A3C3600D8BF2C /* Frameworks */ = {
			isa = PBXFrameworksBuildPhase;
			buildActionMask = 2147483647;
			files = (
				542FDFC6BE0BBBB68FF1AC09 /* libPods.a in Frameworks */,
			);
			runOnlyForDeploymentPostprocessing = 0;
		};
/* End PBXFrameworksBuildPhase section */

/* Begin PBXGroup section */
		07C8F263746D1E98E9B4A7A6 /* Frameworks */ = {
			isa = PBXGroup;
			children = (
				529EF53AA4EB2A9B9BEC1543 /* libPods.a */,
			);
			name = Frameworks;
			sourceTree = "<group>";
		};
		7A12A18B1C3A5FA2001ABF5E /* drawable-xhdpi */ = {
			isa = PBXGroup;
			children = (
				7AB206951C3FBC03005D59E6 /* age_bg@2x.png */,
				7AE907281C3E0C9000A6504B /* ac_details_img@2x.png */,
				7AE907221C3E055C00A6504B /* grayLine.png */,
				7AAB208E1C3D1E2F00741AFA /* back@2x.png */,
				7A12A1981C3A5FA2001ABF5E /* ft_found_normal_ic.png */,
				7A12A19A1C3A5FA2001ABF5E /* ft_home_normal_ic.png */,
				7A12A19B1C3A5FA2001ABF5E /* ft_home_selected_ic.png */,
				7A12A19C1C3A5FA2001ABF5E /* ft_person_normal_ic.png */,
				7A12A19D1C3A5FA2001ABF5E /* ft_person_selected_ic.png */,
				7A12A1991C3A5FA2001ABF5E /* ft_found_selected_ic.png */,
				7A12A18C1C3A5FA2001ABF5E /* btn_cover.png */,
				7A12A18D1C3A5FA2001ABF5E /* btn_downarrow.png */,
				7A12A18E1C3A5FA2001ABF5E /* btn_exchange.png */,
				7A12A18F1C3A5FA2001ABF5E /* btn_nearby.png */,
				7A12A1901C3A5FA2001ABF5E /* btn_refresh.png */,
				7A12A1911C3A5FA2001ABF5E /* btn_screening.png */,
				7A12A1921C3A5FA2001ABF5E /* btn_search.png */,
				7A12A1931C3A5FA2001ABF5E /* btn_shezhi.png */,
				7A12A1941C3A5FA2001ABF5E /* btn_timetree.png */,
				7A12A1951C3A5FA2001ABF5E /* btn_uparrow.png */,
				7A12A1961C3A5FA2001ABF5E /* default_gouwu.png */,
				7A12A1971C3A5FA2001ABF5E /* default_yuer.png */,
				7A12A19E1C3A5FA2001ABF5E /* home_huodong.png */,
				7A12A19F1C3A5FA2001ABF5E /* home_icon_jingdin.png */,
				7A12A1A11C3A5FA2001ABF5E /* home_icon_yanchu.png */,
				7A12A1A21C3A5FA2001ABF5E /* home_icon_yizhi.png */,
				7A12A1A41C3A5FA2001ABF5E /* home_recommed_ac.png */,
				7A12A1A01C3A5FA2001ABF5E /* home_icon_qinzi.png */,
				7A12A1A31C3A5FA2001ABF5E /* home_recommd_rc.png */,
				7A12A1A51C3A5FA2001ABF5E /* home_zhuanti.png */,
				7A12A1A61C3A5FA2001ABF5E /* ic_com_sina_weibo_sdk_button_blue_focused.9.png */,
				7A12A1A71C3A5FA2001ABF5E /* ic_com_sina_weibo_sdk_button_blue_normal.9.png */,
				7A12A1A81C3A5FA2001ABF5E /* ic_com_sina_weibo_sdk_button_blue_pressed.9.png */,
				7A12A1A91C3A5FA2001ABF5E /* ic_com_sina_weibo_sdk_button_grey_focused.9.png */,
				7A12A1AA1C3A5FA2001ABF5E /* ic_com_sina_weibo_sdk_button_grey_normal.9.png */,
				7A12A1AB1C3A5FA2001ABF5E /* ic_com_sina_weibo_sdk_button_grey_pressed.9.png */,
				7A12A1AC1C3A5FA2001ABF5E /* ic_com_sina_weibo_sdk_login_button_with_frame_logo_focused.png */,
				7A12A1AD1C3A5FA2001ABF5E /* ic_com_sina_weibo_sdk_login_button_with_frame_logo_normal.png */,
				7A12A1AE1C3A5FA2001ABF5E /* ic_com_sina_weibo_sdk_login_button_with_frame_logo_pressed.png */,
				7A12A1AF1C3A5FA2001ABF5E /* ic_com_sina_weibo_sdk_login_with_account_text_focused.png */,
				7A12A1B01C3A5FA2001ABF5E /* ic_com_sina_weibo_sdk_login_with_account_text_normal.png */,
				7A12A1B11C3A5FA2001ABF5E /* ic_com_sina_weibo_sdk_login_with_account_text_pressed.png */,
				7A12A1B21C3A5FA2001ABF5E /* ic_com_sina_weibo_sdk_logo.png */,
				7A12A1B31C3A5FA2001ABF5E /* icon_ac.png */,
				7A12A1B41C3A5FA2001ABF5E /* icon_ele.png */,
				7A12A1B51C3A5FA2001ABF5E /* icon_like.png */,
				7A12A1B61C3A5FA2001ABF5E /* icon_msg.png */,
				7A12A1B71C3A5FA2001ABF5E /* icon_order.png */,
				7A12A1B81C3A5FA2001ABF5E /* icon_ordered.png */,
				7A12A1B91C3A5FA2001ABF5E /* icon_shop.png */,
				7A12A1BA1C3A5FA2001ABF5E /* icon_user.png */,
				7A12A1BB1C3A5FA2001ABF5E /* icon_weixin.png */,
				7A12A1BC1C3A5FA2001ABF5E /* list_down.png */,
				7A12A1BD1C3A5FA2001ABF5E /* list_integral.png */,
				7A12A1BE1C3A5FA2001ABF5E /* list_like_heart.png */,
				7A12A1BF1C3A5FA2001ABF5E /* list_make_out@2x.png */,
				7A12A1C01C3A5FA2001ABF5E /* list_selected.png */,
				7A12A1C11C3A5FA2001ABF5E /* list_up.png */,
				7A12A1C21C3A5FA2001ABF5E /* logo.png */,
				7A12A1C31C3A5FA2001ABF5E /* noselect.png */,
				7A12A1C41C3A5FA2001ABF5E /* pos.png */,
				7A12A1C51C3A5FA2001ABF5E /* red_shape.png */,
				7A12A1C61C3A5FA2001ABF5E /* select.png */,
				7A12A1C71C3A5FA2001ABF5E /* shopping_trolley@2x.png */,
				7AE907241C3E064900A6504B /* ac_location_normal@2x.png */,
				7AE907261C3E065300A6504B /* phone@2x.png */,
			);
			path = "drawable-xhdpi";
			sourceTree = "<group>";
		};
		7A1973491C3CAE0100398756 /* 工具 */ = {
			isa = PBXGroup;
			children = (
				7A19734A1C3CAE0100398756 /* PrefixHeader.pch */,
				7AAB20911C3D206D00741AFA /* UIViewController+common.h */,
				7AAB20921C3D206D00741AFA /* UIViewController+common.m */,
				7A19734D1C3CB3CE00398756 /* Header.h */,
				7AE9072D1C3E4C3400A6504B /* HWtools.h */,
				7AE9072E1C3E4C3400A6504B /* HWtools.m */,
				7AE907301C3E5B3100A6504B /* UIView+Estonsion.h */,
				7AE907311C3E5B3100A6504B /* UIView+Estonsion.m */,
			);
			path = "工具";
			sourceTree = "<group>";
		};
		7A8880E21C410BC50068D807 /* PullingRefreshTableView */ = {
			isa = PBXGroup;
			children = (
				7A8880E31C410BC50068D807 /* blueArrow.png */,
				7A8880E41C410BC50068D807 /* blueArrowDown.png */,
				7A8880E51C410BC50068D807 /* PullingRefreshTableView.h */,
				7A8880E61C410BC50068D807 /* PullingRefreshTableView.m */,
			);
			path = PullingRefreshTableView;
			sourceTree = "<group>";
		};
		7AD90CEE1C3A3C3600D8BF2C = {
			isa = PBXGroup;
			children = (
				7AD90CF91C3A3C3600D8BF2C /* HappyDayAndDay */,
				7AD90CF81C3A3C3600D8BF2C /* Products */,
				EB657F6937EE6ADCBEB5C8FE /* Pods */,
				07C8F263746D1E98E9B4A7A6 /* Frameworks */,
			);
			sourceTree = "<group>";
		};
		7AD90CF81C3A3C3600D8BF2C /* Products */ = {
			isa = PBXGroup;
			children = (
				7AD90CF71C3A3C3600D8BF2C /* HappyDayAndDay.app */,
			);
			name = Products;
			sourceTree = "<group>";
		};
		7AD90CF91C3A3C3600D8BF2C /* HappyDayAndDay */ = {
			isa = PBXGroup;
			children = (
				7AD90D1E1C3A4D8400D8BF2C /* classes */,
				7AD90D351C3A4F8800D8BF2C /* resouce */,
				7AD90D341C3A4E2C00D8BF2C /* library */,
				7AD90CFD1C3A3C3600D8BF2C /* AppDelegate.h */,
				7AD90CFE1C3A3C3600D8BF2C /* AppDelegate.m */,
				7AD90D001C3A3C3600D8BF2C /* Assets.xcassets */,
				7AD90D021C3A3C3600D8BF2C /* LaunchScreen.storyboard */,
				7A12A2331C3BA3F9001ABF5E /* Property List.plist */,
				7AAB208C1C3D1A8C00741AFA /* Activity.plist */,
				7AD90D051C3A3C3600D8BF2C /* Info.plist */,
				7ABB0E7E1C3F57E70055EBA0 /* theme.plist */,
				7AB2068D1C3FAE68005D59E6 /* good.plist */,
				7AB206931C3FBB3E005D59E6 /* Goodd.plist */,
				7AD90CFA1C3A3C3600D8BF2C /* Supporting Files */,
			);
			path = HappyDayAndDay;
			sourceTree = "<group>";
		};
		7AD90CFA1C3A3C3600D8BF2C /* Supporting Files */ = {
			isa = PBXGroup;
			children = (
				7AD90CFB1C3A3C3600D8BF2C /* main.m */,
			);
			name = "Supporting Files";
			sourceTree = "<group>";
		};
		7AD90D1E1C3A4D8400D8BF2C /* classes */ = {
			isa = PBXGroup;
			children = (
				7AD90D251C3A4D8400D8BF2C /* main */,
				7AD90D1F1C3A4D8400D8BF2C /* discover */,
				7AD90D2B1C3A4D8400D8BF2C /* mine */,
			);
			path = classes;
			sourceTree = "<group>";
		};
		7AD90D1F1C3A4D8400D8BF2C /* discover */ = {
			isa = PBXGroup;
			children = (
				7AD90D201C3A4D8400D8BF2C /* Controller */,
				7AD90E221C3A513000D8BF2C /* Cell */,
				7AD90D231C3A4D8400D8BF2C /* Model */,
			);
			path = discover;
			sourceTree = "<group>";
		};
		7AD90D201C3A4D8400D8BF2C /* Controller */ = {
			isa = PBXGroup;
			children = (
				7AD90D211C3A4D8400D8BF2C /* discoverViewController.h */,
				7AD90D221C3A4D8400D8BF2C /* discoverViewController.m */,
			);
			path = Controller;
			sourceTree = "<group>";
		};
		7AD90D231C3A4D8400D8BF2C /* Model */ = {
			isa = PBXGroup;
			children = (
			);
			path = Model;
			sourceTree = "<group>";
		};
		7AD90D251C3A4D8400D8BF2C /* main */ = {
			isa = PBXGroup;
			children = (
				7AD90D261C3A4D8400D8BF2C /* Controller */,
				7AD90E1B1C3A511800D8BF2C /* Cell */,
				7AD90D2A1C3A4D8400D8BF2C /* Model */,
			);
			path = main;
			sourceTree = "<group>";
		};
		7AD90D261C3A4D8400D8BF2C /* Controller */ = {
			isa = PBXGroup;
			children = (
				7AD90D271C3A4D8400D8BF2C /* mainViewController.h */,
				7AD90D281C3A4D8400D8BF2C /* mainViewController.m */,
				7A194AA41C3CBE8C004725A3 /* ActivityDetailViewController.h */,
				7A194AA51C3CBE8C004725A3 /* ActivityDetailViewController.m */,
				7AE9072A1C3E10E300A6504B /* ActivityDateilView.h */,
				7AE9072B1C3E10E300A6504B /* ActivityDateilView.m */,
				7A194AA71C3CBF40004725A3 /* ThemeViewController.h */,
				7A194AA81C3CBF40004725A3 /* ThemeViewController.m */,
				7ABB0E801C3F5ED50055EBA0 /* activityThemeView.h */,
				7ABB0E811C3F5ED50055EBA0 /* activityThemeView.m */,
				7A194A9E1C3CBC29004725A3 /* SeclectCityViewController.h */,
				7A194A9F1C3CBC29004725A3 /* SeclectCityViewController.m */,
				7A194AB61C3CC921004725A3 /* sousuoViewController.h */,
				7A194AB71C3CC921004725A3 /* sousuoViewController.m */,
				7A194AAA1C3CBFF0004725A3 /* classifyViewController.h */,
				7A194AAB1C3CBFF1004725A3 /* classifyViewController.m */,
				7A194AAD1C3CC05F004725A3 /* GoodViewController.h */,
				7A194AAE1C3CC05F004725A3 /* GoodViewController.m */,
				7A194AB01C3CC083004725A3 /* HotViewController.h */,
				7A194AB11C3CC083004725A3 /* HotViewController.m */,
			);
			path = Controller;
			sourceTree = "<group>";
		};
		7AD90D2A1C3A4D8400D8BF2C /* Model */ = {
			isa = PBXGroup;
			children = (
				7A12A2301C3BA098001ABF5E /* mainModel.h */,
				7A12A2311C3BA098001ABF5E /* mainModel.m */,
				7AB206971C3FBE3F005D59E6 /* goodActivityModel.h */,
				7AB206981C3FBE3F005D59E6 /* goodActivityModel.m */,
			);
			path = Model;
			sourceTree = "<group>";
		};
		7AD90D2B1C3A4D8400D8BF2C /* mine */ = {
			isa = PBXGroup;
			children = (
				7AD90E231C3A513E00D8BF2C /* Cell */,
				7AD90D2C1C3A4D8400D8BF2C /* Controller */,
				7AD90D301C3A4D8400D8BF2C /* Model */,
			);
			path = mine;
			sourceTree = "<group>";
		};
		7AD90D2C1C3A4D8400D8BF2C /* Controller */ = {
			isa = PBXGroup;
			children = (
				7AD90D2D1C3A4D8400D8BF2C /* mineViewController.h */,
				7AD90D2E1C3A4D8400D8BF2C /* mineViewController.m */,
			);
			path = Controller;
			sourceTree = "<group>";
		};
		7AD90D301C3A4D8400D8BF2C /* Model */ = {
			isa = PBXGroup;
			children = (
			);
			path = Model;
			sourceTree = "<group>";
		};
		7AD90D341C3A4E2C00D8BF2C /* library */ = {
			isa = PBXGroup;
			children = (
				7A8880E21C410BC50068D807 /* PullingRefreshTableView */,
				7A1973491C3CAE0100398756 /* 工具 */,
			);
			path = library;
			sourceTree = "<group>";
		};
		7AD90D351C3A4F8800D8BF2C /* resouce */ = {
			isa = PBXGroup;
			children = (
				7A12A18B1C3A5FA2001ABF5E /* drawable-xhdpi */,
			);
			path = resouce;
			sourceTree = "<group>";
		};
		7AD90E1B1C3A511800D8BF2C /* Cell */ = {
			isa = PBXGroup;
			children = (
				7AD90E241C3A528D00D8BF2C /* mainStoryboard.storyboard */,
				7A12A2041C3A7673001ABF5E /* mainTableViewCell.h */,
				7A12A2051C3A7673001ABF5E /* mainTableViewCell.m */,
				7A12A2061C3A7673001ABF5E /* mainTableViewCell.xib */,
				7AB206881C3FA3AE005D59E6 /* goodTableViewCell.h */,
				7AB206891C3FA3AE005D59E6 /* goodTableViewCell.m */,
				7AB2068A1C3FA3AE005D59E6 /* goodTableViewCell.xib */,
			);
			name = Cell;
			path = HappyDayAndDay/classes/main/Cell;
			sourceTree = SOURCE_ROOT;
		};
		7AD90E221C3A513000D8BF2C /* Cell */ = {
			isa = PBXGroup;
			children = (
				7AD90E261C3A529D00D8BF2C /* discoverStoryboard.storyboard */,
			);
			name = Cell;
			path = HappyDayAndDay/classes/discover/Cell;
			sourceTree = SOURCE_ROOT;
		};
		7AD90E231C3A513E00D8BF2C /* Cell */ = {
			isa = PBXGroup;
			children = (
				7AD90E2A1C3A52BA00D8BF2C /* mineStoryboard.storyboard */,
			);
			path = Cell;
			sourceTree = "<group>";
		};
		EB657F6937EE6ADCBEB5C8FE /* Pods */ = {
			isa = PBXGroup;
			children = (
				CC5A39DAA8211A2D6D93ACA1 /* Pods.debug.xcconfig */,
				21716EABCA2B6CD6BB8D7835 /* Pods.release.xcconfig */,
			);
			name = Pods;
			sourceTree = "<group>";
		};
/* End PBXGroup section */

/* Begin PBXNativeTarget section */
		7AD90CF61C3A3C3600D8BF2C /* HappyDayAndDay */ = {
			isa = PBXNativeTarget;
			buildConfigurationList = 7AD90D081C3A3C3600D8BF2C /* Build configuration list for PBXNativeTarget "HappyDayAndDay" */;
			buildPhases = (
				C5E2F7BA8E681FAC489A6531 /* Check Pods Manifest.lock */,
				7AD90CF31C3A3C3600D8BF2C /* Sources */,
				7AD90CF41C3A3C3600D8BF2C /* Frameworks */,
				7AD90CF51C3A3C3600D8BF2C /* Resources */,
				BCFDF46DB16062C451AAA194 /* Embed Pods Frameworks */,
				BE9D814ACF4D15443F5A9D64 /* Copy Pods Resources */,
			);
			buildRules = (
			);
			dependencies = (
			);
			name = HappyDayAndDay;
			productName = HappyDayAndDay;
			productReference = 7AD90CF71C3A3C3600D8BF2C /* HappyDayAndDay.app */;
			productType = "com.apple.product-type.application";
		};
/* End PBXNativeTarget section */

/* Begin PBXProject section */
		7AD90CEF1C3A3C3600D8BF2C /* Project object */ = {
			isa = PBXProject;
			attributes = {
				LastUpgradeCheck = 0710;
				ORGANIZATIONNAME = "张衡";
				TargetAttributes = {
					7AD90CF61C3A3C3600D8BF2C = {
						CreatedOnToolsVersion = 7.1.1;
					};
				};
			};
			buildConfigurationList = 7AD90CF21C3A3C3600D8BF2C /* Build configuration list for PBXProject "HappyDayAndDay" */;
			compatibilityVersion = "Xcode 3.2";
			developmentRegion = English;
			hasScannedForEncodings = 0;
			knownRegions = (
				en,
				Base,
			);
			mainGroup = 7AD90CEE1C3A3C3600D8BF2C;
			productRefGroup = 7AD90CF81C3A3C3600D8BF2C /* Products */;
			projectDirPath = "";
			projectRoot = "";
			targets = (
				7AD90CF61C3A3C3600D8BF2C /* HappyDayAndDay */,
			);
		};
/* End PBXProject section */

/* Begin PBXResourcesBuildPhase section */
		7AD90CF51C3A3C3600D8BF2C /* Resources */ = {
			isa = PBXResourcesBuildPhase;
			buildActionMask = 2147483647;
			files = (
				7A12A1CF1C3A5FA2001ABF5E /* btn_shezhi.png in Resources */,
				7A12A2021C3A5FA2001ABF5E /* select.png in Resources */,
				7A12A1D01C3A5FA2001ABF5E /* btn_timetree.png in Resources */,
				7A12A1F61C3A5FA2001ABF5E /* icon_user.png in Resources */,
				7A12A1F11C3A5FA2001ABF5E /* icon_like.png in Resources */,
				7A12A1FF1C3A5FA2001ABF5E /* noselect.png in Resources */,
				7AB2068E1C3FAE68005D59E6 /* good.plist in Resources */,
				7A12A1F21C3A5FA2001ABF5E /* icon_msg.png in Resources */,
				7A12A1F31C3A5FA2001ABF5E /* icon_order.png in Resources */,
				7A12A1F91C3A5FA2001ABF5E /* list_integral.png in Resources */,
				7AB2068C1C3FA3AE005D59E6 /* goodTableViewCell.xib in Resources */,
				7A12A1CB1C3A5FA2001ABF5E /* btn_nearby.png in Resources */,
				7AD90D011C3A3C3600D8BF2C /* Assets.xcassets in Resources */,
				7AD90E271C3A529D00D8BF2C /* discoverStoryboard.storyboard in Resources */,
				7AB206961C3FBC03005D59E6 /* age_bg@2x.png in Resources */,
				7A12A1FD1C3A5FA2001ABF5E /* list_up.png in Resources */,
				7A12A1C91C3A5FA2001ABF5E /* btn_downarrow.png in Resources */,
				7A12A1E21C3A5FA2001ABF5E /* ic_com_sina_weibo_sdk_button_blue_focused.9.png in Resources */,
				7A12A1F71C3A5FA2001ABF5E /* icon_weixin.png in Resources */,
				7A12A1E01C3A5FA2001ABF5E /* home_recommed_ac.png in Resources */,
				7AAB208F1C3D1E2F00741AFA /* back@2x.png in Resources */,
				7A12A1DA1C3A5FA2001ABF5E /* home_huodong.png in Resources */,
				7AB206941C3FBB3E005D59E6 /* Goodd.plist in Resources */,
				7A12A1DB1C3A5FA2001ABF5E /* home_icon_jingdin.png in Resources */,
				7A12A1DF1C3A5FA2001ABF5E /* home_recommd_rc.png in Resources */,
				7A12A1DC1C3A5FA2001ABF5E /* home_icon_qinzi.png in Resources */,
				7A12A1D21C3A5FA2001ABF5E /* default_gouwu.png in Resources */,
				7A12A1E41C3A5FA2001ABF5E /* ic_com_sina_weibo_sdk_button_blue_pressed.9.png in Resources */,
				7A12A1F01C3A5FA2001ABF5E /* icon_ele.png in Resources */,
				7A12A1FE1C3A5FA2001ABF5E /* logo.png in Resources */,
				7A12A2001C3A5FA2001ABF5E /* pos.png in Resources */,
				7A8880E81C410BC50068D807 /* blueArrowDown.png in Resources */,
				7A12A2341C3BA3F9001ABF5E /* Property List.plist in Resources */,
				7A12A1E31C3A5FA2001ABF5E /* ic_com_sina_weibo_sdk_button_blue_normal.9.png in Resources */,
				7A12A1F41C3A5FA2001ABF5E /* icon_ordered.png in Resources */,
				7A12A1E11C3A5FA2001ABF5E /* home_zhuanti.png in Resources */,
				7A12A1D91C3A5FA2001ABF5E /* ft_person_selected_ic.png in Resources */,
				7A8880E71C410BC50068D807 /* blueArrow.png in Resources */,
				7AD90E251C3A528D00D8BF2C /* mainStoryboard.storyboard in Resources */,
				7A12A1FC1C3A5FA2001ABF5E /* list_selected.png in Resources */,
				7A12A1E81C3A5FA2001ABF5E /* ic_com_sina_weibo_sdk_login_button_with_frame_logo_focused.png in Resources */,
				7A12A1F81C3A5FA2001ABF5E /* list_down.png in Resources */,
				7ABB0E7F1C3F57E70055EBA0 /* theme.plist in Resources */,
				7A12A1D11C3A5FA2001ABF5E /* btn_uparrow.png in Resources */,
				7A12A1D31C3A5FA2001ABF5E /* default_yuer.png in Resources */,
				7A12A1EE1C3A5FA2001ABF5E /* ic_com_sina_weibo_sdk_logo.png in Resources */,
				7A12A1FA1C3A5FA2001ABF5E /* list_like_heart.png in Resources */,
				7AD90D041C3A3C3600D8BF2C /* LaunchScreen.storyboard in Resources */,
				7AE907231C3E055C00A6504B /* grayLine.png in Resources */,
				7A12A1CE1C3A5FA2001ABF5E /* btn_search.png in Resources */,
				7A12A1E91C3A5FA2001ABF5E /* ic_com_sina_weibo_sdk_login_button_with_frame_logo_normal.png in Resources */,
				7A12A1ED1C3A5FA2001ABF5E /* ic_com_sina_weibo_sdk_login_with_account_text_pressed.png in Resources */,
				7A12A1EA1C3A5FA2001ABF5E /* ic_com_sina_weibo_sdk_login_button_with_frame_logo_pressed.png in Resources */,
				7A12A1CC1C3A5FA2001ABF5E /* btn_refresh.png in Resources */,
				7A12A2031C3A5FA2001ABF5E /* shopping_trolley@2x.png in Resources */,
				7A12A1DE1C3A5FA2001ABF5E /* home_icon_yizhi.png in Resources */,
				7A12A1E61C3A5FA2001ABF5E /* ic_com_sina_weibo_sdk_button_grey_normal.9.png in Resources */,
				7A12A1CD1C3A5FA2001ABF5E /* btn_screening.png in Resources */,
				7A12A1DD1C3A5FA2001ABF5E /* home_icon_yanchu.png in Resources */,
				7A12A1D61C3A5FA2001ABF5E /* ft_home_normal_ic.png in Resources */,
				7A12A1FB1C3A5FA2001ABF5E /* list_make_out@2x.png in Resources */,
				7A12A1EF1C3A5FA2001ABF5E /* icon_ac.png in Resources */,
				7A12A1CA1C3A5FA2001ABF5E /* btn_exchange.png in Resources */,
				7A12A1EC1C3A5FA2001ABF5E /* ic_com_sina_weibo_sdk_login_with_account_text_normal.png in Resources */,
				7AE907271C3E065300A6504B /* phone@2x.png in Resources */,
				7A12A2081C3A7673001ABF5E /* mainTableViewCell.xib in Resources */,
				7A12A2011C3A5FA2001ABF5E /* red_shape.png in Resources */,
				7AE907291C3E0C9000A6504B /* ac_details_img@2x.png in Resources */,
				7A12A1EB1C3A5FA2001ABF5E /* ic_com_sina_weibo_sdk_login_with_account_text_focused.png in Resources */,
				7AD90E2B1C3A52BA00D8BF2C /* mineStoryboard.storyboard in Resources */,
				7A12A1C81C3A5FA2001ABF5E /* btn_cover.png in Resources */,
				7A12A1E71C3A5FA2001ABF5E /* ic_com_sina_weibo_sdk_button_grey_pressed.9.png in Resources */,
				7A12A1D71C3A5FA2001ABF5E /* ft_home_selected_ic.png in Resources */,
				7A12A1D51C3A5FA2001ABF5E /* ft_found_selected_ic.png in Resources */,
				7A12A1E51C3A5FA2001ABF5E /* ic_com_sina_weibo_sdk_button_grey_focused.9.png in Resources */,
				7AE907251C3E064900A6504B /* ac_location_normal@2x.png in Resources */,
				7A12A1F51C3A5FA2001ABF5E /* icon_shop.png in Resources */,
				7AAB208D1C3D1A8C00741AFA /* Activity.plist in Resources */,
				7A12A1D41C3A5FA2001ABF5E /* ft_found_normal_ic.png in Resources */,
				7A12A1D81C3A5FA2001ABF5E /* ft_person_normal_ic.png in Resources */,
			);
			runOnlyForDeploymentPostprocessing = 0;
		};
/* End PBXResourcesBuildPhase section */

/* Begin PBXShellScriptBuildPhase section */
		BCFDF46DB16062C451AAA194 /* Embed Pods Frameworks */ = {
			isa = PBXShellScriptBuildPhase;
			buildActionMask = 2147483647;
			files = (
			);
			inputPaths = (
			);
			name = "Embed Pods Frameworks";
			outputPaths = (
			);
			runOnlyForDeploymentPostprocessing = 0;
			shellPath = /bin/sh;
			shellScript = "\"${SRCROOT}/Pods/Target Support Files/Pods/Pods-frameworks.sh\"\n";
			showEnvVarsInLog = 0;
		};
		BE9D814ACF4D15443F5A9D64 /* Copy Pods Resources */ = {
			isa = PBXShellScriptBuildPhase;
			buildActionMask = 2147483647;
			files = (
			);
			inputPaths = (
			);
			name = "Copy Pods Resources";
			outputPaths = (
			);
			runOnlyForDeploymentPostprocessing = 0;
			shellPath = /bin/sh;
			shellScript = "\"${SRCROOT}/Pods/Target Support Files/Pods/Pods-resources.sh\"\n";
			showEnvVarsInLog = 0;
		};
		C5E2F7BA8E681FAC489A6531 /* Check Pods Manifest.lock */ = {
			isa = PBXShellScriptBuildPhase;
			buildActionMask = 2147483647;
			files = (
			);
			inputPaths = (
			);
			name = "Check Pods Manifest.lock";
			outputPaths = (
			);
			runOnlyForDeploymentPostprocessing = 0;
			shellPath = /bin/sh;
			shellScript = "diff \"${PODS_ROOT}/../Podfile.lock\" \"${PODS_ROOT}/Manifest.lock\" > /dev/null\nif [[ $? != 0 ]] ; then\n    cat << EOM\nerror: The sandbox is not in sync with the Podfile.lock. Run 'pod install' or update your CocoaPods installation.\nEOM\n    exit 1\nfi\n";
			showEnvVarsInLog = 0;
		};
/* End PBXShellScriptBuildPhase section */

/* Begin PBXSourcesBuildPhase section */
		7AD90CF31C3A3C3600D8BF2C /* Sources */ = {
			isa = PBXSourcesBuildPhase;
			buildActionMask = 2147483647;
			files = (
				7AD90D311C3A4D8400D8BF2C /* discoverViewController.m in Sources */,
				7AB2068B1C3FA3AE005D59E6 /* goodTableViewCell.m in Sources */,
				7A194AA01C3CBC29004725A3 /* SeclectCityViewController.m in Sources */,
				7AD90D331C3A4D8400D8BF2C /* mineViewController.m in Sources */,
				7A12A2321C3BA098001ABF5E /* mainModel.m in Sources */,
				7A194AB81C3CC921004725A3 /* sousuoViewController.m in Sources */,
				7A194AA61C3CBE8C004725A3 /* ActivityDetailViewController.m in Sources */,
				7A194AA91C3CBF40004725A3 /* ThemeViewController.m in Sources */,
				7AAB20931C3D206D00741AFA /* UIViewController+common.m in Sources */,
				7AD90CFF1C3A3C3600D8BF2C /* AppDelegate.m in Sources */,
				7AE907321C3E5B3100A6504B /* UIView+Estonsion.m in Sources */,
				7A8880E91C410BC50068D807 /* PullingRefreshTableView.m in Sources */,
				7A194AB21C3CC083004725A3 /* HotViewController.m in Sources */,
				7AE9072C1C3E10E300A6504B /* ActivityDateilView.m in Sources */,
				7A194AAC1C3CBFF1004725A3 /* classifyViewController.m in Sources */,
				7ABB0E821C3F5ED50055EBA0 /* activityThemeView.m in Sources */,
				7AD90CFC1C3A3C3600D8BF2C /* main.m in Sources */,
				7A194AAF1C3CC05F004725A3 /* GoodViewController.m in Sources */,
				7AE9072F1C3E4C3400A6504B /* HWtools.m in Sources */,
				7A12A2071C3A7673001ABF5E /* mainTableViewCell.m in Sources */,
				7AD90D321C3A4D8400D8BF2C /* mainViewController.m in Sources */,
				7AB206991C3FBE3F005D59E6 /* goodActivityModel.m in Sources */,
			);
			runOnlyForDeploymentPostprocessing = 0;
		};
/* End PBXSourcesBuildPhase section */

/* Begin PBXVariantGroup section */
		7AD90D021C3A3C3600D8BF2C /* LaunchScreen.storyboard */ = {
			isa = PBXVariantGroup;
			children = (
				7AD90D031C3A3C3600D8BF2C /* Base */,
			);
			name = LaunchScreen.storyboard;
			sourceTree = "<group>";
		};
/* End PBXVariantGroup section */

/* Begin XCBuildConfiguration section */
		7AD90D061C3A3C3600D8BF2C /* Debug */ = {
			isa = XCBuildConfiguration;
			buildSettings = {
				ALWAYS_SEARCH_USER_PATHS = NO;
				CLANG_CXX_LANGUAGE_STANDARD = "gnu++0x";
				CLANG_CXX_LIBRARY = "libc++";
				CLANG_ENABLE_MODULES = YES;
				CLANG_ENABLE_OBJC_ARC = YES;
				CLANG_WARN_BOOL_CONVERSION = YES;
				CLANG_WARN_CONSTANT_CONVERSION = YES;
				CLANG_WARN_DIRECT_OBJC_ISA_USAGE = YES_ERROR;
				CLANG_WARN_EMPTY_BODY = YES;
				CLANG_WARN_ENUM_CONVERSION = YES;
				CLANG_WARN_INT_CONVERSION = YES;
				CLANG_WARN_OBJC_ROOT_CLASS = YES_ERROR;
				CLANG_WARN_UNREACHABLE_CODE = YES;
				CLANG_WARN__DUPLICATE_METHOD_MATCH = YES;
				"CODE_SIGN_IDENTITY[sdk=iphoneos*]" = "iPhone Developer";
				COPY_PHASE_STRIP = NO;
				DEBUG_INFORMATION_FORMAT = dwarf;
				ENABLE_STRICT_OBJC_MSGSEND = YES;
				ENABLE_TESTABILITY = YES;
				GCC_C_LANGUAGE_STANDARD = gnu99;
				GCC_DYNAMIC_NO_PIC = NO;
				GCC_NO_COMMON_BLOCKS = YES;
				GCC_OPTIMIZATION_LEVEL = 0;
				GCC_PREPROCESSOR_DEFINITIONS = (
					"DEBUG=1",
					"$(inherited)",
				);
				GCC_WARN_64_TO_32_BIT_CONVERSION = YES;
				GCC_WARN_ABOUT_RETURN_TYPE = YES_ERROR;
				GCC_WARN_UNDECLARED_SELECTOR = YES;
				GCC_WARN_UNINITIALIZED_AUTOS = YES_AGGRESSIVE;
				GCC_WARN_UNUSED_FUNCTION = YES;
				GCC_WARN_UNUSED_VARIABLE = YES;
				IPHONEOS_DEPLOYMENT_TARGET = 9.1;
				MTL_ENABLE_DEBUG_INFO = YES;
				ONLY_ACTIVE_ARCH = YES;
				SDKROOT = iphoneos;
			};
			name = Debug;
		};
		7AD90D071C3A3C3600D8BF2C /* Release */ = {
			isa = XCBuildConfiguration;
			buildSettings = {
				ALWAYS_SEARCH_USER_PATHS = NO;
				CLANG_CXX_LANGUAGE_STANDARD = "gnu++0x";
				CLANG_CXX_LIBRARY = "libc++";
				CLANG_ENABLE_MODULES = YES;
				CLANG_ENABLE_OBJC_ARC = YES;
				CLANG_WARN_BOOL_CONVERSION = YES;
				CLANG_WARN_CONSTANT_CONVERSION = YES;
				CLANG_WARN_DIRECT_OBJC_ISA_USAGE = YES_ERROR;
				CLANG_WARN_EMPTY_BODY = YES;
				CLANG_WARN_ENUM_CONVERSION = YES;
				CLANG_WARN_INT_CONVERSION = YES;
				CLANG_WARN_OBJC_ROOT_CLASS = YES_ERROR;
				CLANG_WARN_UNREACHABLE_CODE = YES;
				CLANG_WARN__DUPLICATE_METHOD_MATCH = YES;
				"CODE_SIGN_IDENTITY[sdk=iphoneos*]" = "iPhone Developer";
				COPY_PHASE_STRIP = NO;
				DEBUG_INFORMATION_FORMAT = "dwarf-with-dsym";
				ENABLE_NS_ASSERTIONS = NO;
				ENABLE_STRICT_OBJC_MSGSEND = YES;
				GCC_C_LANGUAGE_STANDARD = gnu99;
				GCC_NO_COMMON_BLOCKS = YES;
				GCC_WARN_64_TO_32_BIT_CONVERSION = YES;
				GCC_WARN_ABOUT_RETURN_TYPE = YES_ERROR;
				GCC_WARN_UNDECLARED_SELECTOR = YES;
				GCC_WARN_UNINITIALIZED_AUTOS = YES_AGGRESSIVE;
				GCC_WARN_UNUSED_FUNCTION = YES;
				GCC_WARN_UNUSED_VARIABLE = YES;
				IPHONEOS_DEPLOYMENT_TARGET = 9.1;
				MTL_ENABLE_DEBUG_INFO = NO;
				SDKROOT = iphoneos;
				VALIDATE_PRODUCT = YES;
			};
			name = Release;
		};
		7AD90D091C3A3C3600D8BF2C /* Debug */ = {
			isa = XCBuildConfiguration;
			baseConfigurationReference = CC5A39DAA8211A2D6D93ACA1 /* Pods.debug.xcconfig */;
			buildSettings = {
				ASSETCATALOG_COMPILER_APPICON_NAME = AppIcon;
				GCC_PRECOMPILE_PREFIX_HEADER = YES;
				GCC_PREFIX_HEADER = "$(SRCROOT)/HappyDayAndDay/library/工具/PrefixHeader.pch";
				INFOPLIST_FILE = HappyDayAndDay/Info.plist;
				IPHONEOS_DEPLOYMENT_TARGET = 9.1;
				LD_RUNPATH_SEARCH_PATHS = "$(inherited) @executable_path/Frameworks";
				PRODUCT_BUNDLE_IDENTIFIER = ios.HappyDayAndDay;
				PRODUCT_NAME = "$(TARGET_NAME)";
			};
			name = Debug;
		};
		7AD90D0A1C3A3C3600D8BF2C /* Release */ = {
			isa = XCBuildConfiguration;
			baseConfigurationReference = 21716EABCA2B6CD6BB8D7835 /* Pods.release.xcconfig */;
			buildSettings = {
				ASSETCATALOG_COMPILER_APPICON_NAME = AppIcon;
				GCC_PRECOMPILE_PREFIX_HEADER = YES;
				GCC_PREFIX_HEADER = "$(SRCROOT)/HappyDayAndDay/library/工具/PrefixHeader.pch";
				INFOPLIST_FILE = HappyDayAndDay/Info.plist;
				IPHONEOS_DEPLOYMENT_TARGET = 9.1;
				LD_RUNPATH_SEARCH_PATHS = "$(inherited) @executable_path/Frameworks";
				PRODUCT_BUNDLE_IDENTIFIER = ios.HappyDayAndDay;
				PRODUCT_NAME = "$(TARGET_NAME)";
			};
			name = Release;
		};
/* End XCBuildConfiguration section */

/* Begin XCConfigurationList section */
		7AD90CF21C3A3C3600D8BF2C /* Build configuration list for PBXProject "HappyDayAndDay" */ = {
			isa = XCConfigurationList;
			buildConfigurations = (
				7AD90D061C3A3C3600D8BF2C /* Debug */,
				7AD90D071C3A3C3600D8BF2C /* Release */,
			);
			defaultConfigurationIsVisible = 0;
			defaultConfigurationName = Release;
		};
		7AD90D081C3A3C3600D8BF2C /* Build configuration list for PBXNativeTarget "HappyDayAndDay" */ = {
			isa = XCConfigurationList;
			buildConfigurations = (
				7AD90D091C3A3C3600D8BF2C /* Debug */,
				7AD90D0A1C3A3C3600D8BF2C /* Release */,
			);
			defaultConfigurationIsVisible = 0;
			defaultConfigurationName = Release;
		};
/* End XCConfigurationList section */
	};
	rootObject = 7AD90CEF1C3A3C3600D8BF2C /* Project object */;
}
